
Microsoft Visual Studio Solution File, Format Version 12.00
# Visual Studio Version 17
VisualStudioVersion = 17.4.33205.214
MinimumVisualStudioVersion = 10.0.40219.1
Project("{9A19103F-16F7-4668-BE54-9A1E7A4F7556}") = "BusinessObject", "BusinessObject\BusinessObject.csproj", "{8689A2F1-962C-4772-B739-5DDA06DB8D08}"
EndProject
Project("{9A19103F-16F7-4668-BE54-9A1E7A4F7556}") = "DataAccess", "DataAccess\DataAccess.csproj", "{28F11C17-5A25-43A8-8479-3495BA62A4F7}"
EndProject
Project("{FAE04EC0-301F-11D3-BF4B-00C04F79EFBC}") = "MyStoreWinApp", "MyStoreWinApp\MyStoreWinApp.csproj", "{38140DA0-EB66-4E9C-891C-9254CA8B1E92}"
EndProject
Global
	GlobalSection(SolutionConfigurationPlatforms) = preSolution
		Debug|Any CPU = Debug|Any CPU
		Release|Any CPU = Release|Any CPU
	EndGlobalSection
	GlobalSection(ProjectConfigurationPlatforms) = postSolution
		{8689A2F1-962C-4772-B739-5DDA06DB8D08}.Debug|Any CPU.ActiveCfg = Debug|Any CPU
		{8689A2F1-962C-4772-B739-5DDA06DB8D08}.Debug|Any CPU.Build.0 = Debug|Any CPU
		{8689A2F1-962C-4772-B739-5DDA06DB8D08}.Release|Any CPU.ActiveCfg = Release|Any CPU
		{8689A2F1-962C-4772-B739-5DDA06DB8D08}.Release|Any CPU.Build.0 = Release|Any CPU
		{28F11C17-5A25-43A8-8479-3495BA62A4F7}.Debug|Any CPU.ActiveCfg = Debug|Any CPU
		{28F11C17-5A25-43A8-8479-3495BA62A4F7}.Debug|Any CPU.Build.0 = Debug|Any CPU
		{28F11C17-5A25-43A8-8479-3495BA62A4F7}.Release|Any CPU.ActiveCfg = Release|Any CPU
		{28F11C17-5A25-43A8-8479-3495BA62A4F7}.Release|Any CPU.Build.0 = Release|Any CPU
		{38140DA0-EB66-4E9C-891C-9254CA8B1E92}.Debug|Any CPU.ActiveCfg = Debug|Any CPU
		{38140DA0-EB66-4E9C-891C-9254CA8B1E92}.Debug|Any CPU.Build.0 = Debug|Any CPU
		{38140DA0-EB66-4E9C-891C-9254CA8B1E92}.Release|Any CPU.ActiveCfg = Release|Any CPU
		{38140DA0-EB66-4E9C-891C-9254CA8B1E92}.Release|Any CPU.Build.0 = Release|Any CPU
	EndGlobalSection
	GlobalSection(SolutionProperties) = preSolution
		HideSolutionNode = FALSE
	EndGlobalSection
	GlobalSection(ExtensibilityGlobals) = postSolution
		SolutionGuid = {9E60EF2F-ACD6-432A-A491-BBFEC1AF1642}
	EndGlobalSection
EndGlobal
